
Microsoft Visual Studio Solution File, Format Version 12.00
# Visual Studio Version 16
VisualStudioVersion = 16.0.29102.190
MinimumVisualStudioVersion = 10.0.40219.1
Project("{9A19103F-16F7-4668-BE54-9A1E7A4F7556}") = "GamingForum.Web", "GamingForum.Web\GamingForum.Web.csproj", "{7A70A496-EED2-4D93-9C54-56F6B6B86424}"
EndProject
Project("{9A19103F-16F7-4668-BE54-9A1E7A4F7556}") = "GamingForum.Data", "GamingForum.Data\GamingForum.Data.csproj", "{EFCBF4A0-9F46-45D2-B61C-BBB39D8477A0}"
EndProject
Project("{9A19103F-16F7-4668-BE54-9A1E7A4F7556}") = "GamingForum.Models", "GamingForum.Models\GamingForum.Models.csproj", "{0BEBB94B-9780-492E-B131-576219D61DD3}"
EndProject
Project("{9A19103F-16F7-4668-BE54-9A1E7A4F7556}") = "GamingForum.Infrastructure", "GamingForum.Infrastructure\GamingForum.Infrastructure.csproj", "{515BCCCD-A7A4-490C-ACC9-72ED0CF64AEE}"
EndProject
Project("{9A19103F-16F7-4668-BE54-9A1E7A4F7556}") = "GamingForum.Services", "GamingForum.Services\GamingForum.Services.csproj", "{C33D3992-ED13-44F4-9D57-70C213201C81}"
EndProject
Global
	GlobalSection(SolutionConfigurationPlatforms) = preSolution
		Debug|Any CPU = Debug|Any CPU
		Release|Any CPU = Release|Any CPU
	EndGlobalSection
	GlobalSection(ProjectConfigurationPlatforms) = postSolution
		{7A70A496-EED2-4D93-9C54-56F6B6B86424}.Debug|Any CPU.ActiveCfg = Debug|Any CPU
		{7A70A496-EED2-4D93-9C54-56F6B6B86424}.Debug|Any CPU.Build.0 = Debug|Any CPU
		{7A70A496-EED2-4D93-9C54-56F6B6B86424}.Release|Any CPU.ActiveCfg = Release|Any CPU
		{7A70A496-EED2-4D93-9C54-56F6B6B86424}.Release|Any CPU.Build.0 = Release|Any CPU
		{EFCBF4A0-9F46-45D2-B61C-BBB39D8477A0}.Debug|Any CPU.ActiveCfg = Debug|Any CPU
		{EFCBF4A0-9F46-45D2-B61C-BBB39D8477A0}.Debug|Any CPU.Build.0 = Debug|Any CPU
		{EFCBF4A0-9F46-45D2-B61C-BBB39D8477A0}.Release|Any CPU.ActiveCfg = Release|Any CPU
		{EFCBF4A0-9F46-45D2-B61C-BBB39D8477A0}.Release|Any CPU.Build.0 = Release|Any CPU
		{0BEBB94B-9780-492E-B131-576219D61DD3}.Debug|Any CPU.ActiveCfg = Debug|Any CPU
		{0BEBB94B-9780-492E-B131-576219D61DD3}.Debug|Any CPU.Build.0 = Debug|Any CPU
		{0BEBB94B-9780-492E-B131-576219D61DD3}.Release|Any CPU.ActiveCfg = Release|Any CPU
		{0BEBB94B-9780-492E-B131-576219D61DD3}.Release|Any CPU.Build.0 = Release|Any CPU
		{515BCCCD-A7A4-490C-ACC9-72ED0CF64AEE}.Debug|Any CPU.ActiveCfg = Debug|Any CPU
		{515BCCCD-A7A4-490C-ACC9-72ED0CF64AEE}.Debug|Any CPU.Build.0 = Debug|Any CPU
		{515BCCCD-A7A4-490C-ACC9-72ED0CF64AEE}.Release|Any CPU.ActiveCfg = Release|Any CPU
		{515BCCCD-A7A4-490C-ACC9-72ED0CF64AEE}.Release|Any CPU.Build.0 = Release|Any CPU
		{C33D3992-ED13-44F4-9D57-70C213201C81}.Debug|Any CPU.ActiveCfg = Debug|Any CPU
		{C33D3992-ED13-44F4-9D57-70C213201C81}.Debug|Any CPU.Build.0 = Debug|Any CPU
		{C33D3992-ED13-44F4-9D57-70C213201C81}.Release|Any CPU.ActiveCfg = Release|Any CPU
		{C33D3992-ED13-44F4-9D57-70C213201C81}.Release|Any CPU.Build.0 = Release|Any CPU
	EndGlobalSection
	GlobalSection(SolutionProperties) = preSolution
		HideSolutionNode = FALSE
	EndGlobalSection
	GlobalSection(ExtensibilityGlobals) = postSolution
		SolutionGuid = {336E16C6-3916-472E-AA2C-BE8DBCF3AE68}
	EndGlobalSection
EndGlobal
